
Microsoft Visual Studio Solution File, Format Version 12.00
# Visual Studio Version 17
VisualStudioVersion = 17.4.33205.214
MinimumVisualStudioVersion = 10.0.40219.1
Project("{FAE04EC0-301F-11D3-BF4B-00C04F79EFBC}") = "Library.ConsoleApp", "Presentation\Library.ConsoleApp\Library.ConsoleApp.csproj", "{7C16C7DA-E207-4AC1-BCC9-60B3424EBAD1}"
EndProject
Project("{FAE04EC0-301F-11D3-BF4B-00C04F79EFBC}") = "Library.Domain", "Logic\Library.Domain\Library.Domain.csproj", "{E7BC0A8C-1266-489B-A75D-58440E5E2837}"
EndProject
Project("{FAE04EC0-301F-11D3-BF4B-00C04F79EFBC}") = "Library.Persistence", "Logic\Library.Persistence\Library.Persistence.csproj", "{C222F882-E81D-422D-A739-6F60ED19510B}"
EndProject
Project("{FAE04EC0-301F-11D3-BF4B-00C04F79EFBC}") = "UITools", "UITools\UITools.csproj", "{7395E77F-32FA-4D8E-8380-52340D693D6B}"
EndProject
Project("{2150E333-8FDC-42A3-9474-1A3956D46DE8}") = "Solution Items", "Solution Items", "{43B517F5-3680-4ABB-8FF3-F041720E44B7}"
EndProject
Project("{FAE04EC0-301F-11D3-BF4B-00C04F79EFBC}") = "Library.Application", "Library.Application\Library.Application.csproj", "{FACCE4F4-6E0A-4ADD-8846-FB27DF175F5C}"
EndProject
Global
	GlobalSection(SolutionConfigurationPlatforms) = preSolution
		Debug|Any CPU = Debug|Any CPU
		Release|Any CPU = Release|Any CPU
	EndGlobalSection
	GlobalSection(ProjectConfigurationPlatforms) = postSolution
		{7C16C7DA-E207-4AC1-BCC9-60B3424EBAD1}.Debug|Any CPU.ActiveCfg = Debug|Any CPU
		{7C16C7DA-E207-4AC1-BCC9-60B3424EBAD1}.Debug|Any CPU.Build.0 = Debug|Any CPU
		{7C16C7DA-E207-4AC1-BCC9-60B3424EBAD1}.Release|Any CPU.ActiveCfg = Release|Any CPU
		{7C16C7DA-E207-4AC1-BCC9-60B3424EBAD1}.Release|Any CPU.Build.0 = Release|Any CPU
		{E7BC0A8C-1266-489B-A75D-58440E5E2837}.Debug|Any CPU.ActiveCfg = Debug|Any CPU
		{E7BC0A8C-1266-489B-A75D-58440E5E2837}.Debug|Any CPU.Build.0 = Debug|Any CPU
		{E7BC0A8C-1266-489B-A75D-58440E5E2837}.Release|Any CPU.ActiveCfg = Release|Any CPU
		{E7BC0A8C-1266-489B-A75D-58440E5E2837}.Release|Any CPU.Build.0 = Release|Any CPU
		{C222F882-E81D-422D-A739-6F60ED19510B}.Debug|Any CPU.ActiveCfg = Debug|Any CPU
		{C222F882-E81D-422D-A739-6F60ED19510B}.Debug|Any CPU.Build.0 = Debug|Any CPU
		{C222F882-E81D-422D-A739-6F60ED19510B}.Release|Any CPU.ActiveCfg = Release|Any CPU
		{C222F882-E81D-422D-A739-6F60ED19510B}.Release|Any CPU.Build.0 = Release|Any CPU
		{7395E77F-32FA-4D8E-8380-52340D693D6B}.Debug|Any CPU.ActiveCfg = Debug|Any CPU
		{7395E77F-32FA-4D8E-8380-52340D693D6B}.Debug|Any CPU.Build.0 = Debug|Any CPU
		{7395E77F-32FA-4D8E-8380-52340D693D6B}.Release|Any CPU.ActiveCfg = Release|Any CPU
		{7395E77F-32FA-4D8E-8380-52340D693D6B}.Release|Any CPU.Build.0 = Release|Any CPU
		{FACCE4F4-6E0A-4ADD-8846-FB27DF175F5C}.Debug|Any CPU.ActiveCfg = Debug|Any CPU
		{FACCE4F4-6E0A-4ADD-8846-FB27DF175F5C}.Debug|Any CPU.Build.0 = Debug|Any CPU
		{FACCE4F4-6E0A-4ADD-8846-FB27DF175F5C}.Release|Any CPU.ActiveCfg = Release|Any CPU
		{FACCE4F4-6E0A-4ADD-8846-FB27DF175F5C}.Release|Any CPU.Build.0 = Release|Any CPU
	EndGlobalSection
	GlobalSection(SolutionProperties) = preSolution
		HideSolutionNode = FALSE
	EndGlobalSection
	GlobalSection(ExtensibilityGlobals) = postSolution
		SolutionGuid = {FDC76B67-C4DA-4442-B735-5569ACB4242C}
	EndGlobalSection
EndGlobal
